
Microsoft Visual Studio Solution File, Format Version 12.00
# Visual Studio Version 17
VisualStudioVersion = 17.4.33122.133
MinimumVisualStudioVersion = 10.0.40219.1
Project("{FAE04EC0-301F-11D3-BF4B-00C04F79EFBC}") = "csvToxml", "csvToxml\csvToxml.csproj", "{31DCAC6C-EFEB-48FB-ADF5-4D246A6697DC}"
EndProject
Global
	GlobalSection(SolutionConfigurationPlatforms) = preSolution
		Debug|Any CPU = Debug|Any CPU
		Release|Any CPU = Release|Any CPU
	EndGlobalSection
	GlobalSection(ProjectConfigurationPlatforms) = postSolution
		{31DCAC6C-EFEB-48FB-ADF5-4D246A6697DC}.Debug|Any CPU.ActiveCfg = Debug|Any CPU
		{31DCAC6C-EFEB-48FB-ADF5-4D246A6697DC}.Debug|Any CPU.Build.0 = Debug|Any CPU
		{31DCAC6C-EFEB-48FB-ADF5-4D246A6697DC}.Release|Any CPU.ActiveCfg = Release|Any CPU
		{31DCAC6C-EFEB-48FB-ADF5-4D246A6697DC}.Release|Any CPU.Build.0 = Release|Any CPU
	EndGlobalSection
	GlobalSection(SolutionProperties) = preSolution
		HideSolutionNode = FALSE
	EndGlobalSection
	GlobalSection(ExtensibilityGlobals) = postSolution
		SolutionGuid = {F92E8BE6-032C-4A04-8739-BC2199A05932}
	EndGlobalSection
EndGlobal
